
Microsoft Visual Studio Solution File, Format Version 12.00
# Visual Studio Version 16
VisualStudioVersion = 16.0.28803.452
MinimumVisualStudioVersion = 10.0.40219.1
Project("{888888A0-9F3D-457C-B088-3A5042F75D52}") = "NazariehProject2-Q1", "NazariehProject2-Q1\NazariehProject2-Q1.pyproj", "{0D584A3C-83A5-440D-8ECD-D791A77F23A1}"
EndProject
Global
	GlobalSection(SolutionConfigurationPlatforms) = preSolution
		Debug|Any CPU = Debug|Any CPU
		Release|Any CPU = Release|Any CPU
	EndGlobalSection
	GlobalSection(ProjectConfigurationPlatforms) = postSolution
		{0D584A3C-83A5-440D-8ECD-D791A77F23A1}.Debug|Any CPU.ActiveCfg = Debug|Any CPU
		{0D584A3C-83A5-440D-8ECD-D791A77F23A1}.Release|Any CPU.ActiveCfg = Release|Any CPU
	EndGlobalSection
	GlobalSection(SolutionProperties) = preSolution
		HideSolutionNode = FALSE
	EndGlobalSection
	GlobalSection(ExtensibilityGlobals) = postSolution
		SolutionGuid = {558DD43F-67C5-4964-9AA2-65C0C3523B6E}
	EndGlobalSection
EndGlobal
